
Microsoft Visual Studio Solution File, Format Version 12.00
# Visual Studio Version 16
VisualStudioVersion = 16.0.31729.503
MinimumVisualStudioVersion = 10.0.40219.1
Project("{FAE04EC0-301F-11D3-BF4B-00C04F79EFBC}") = "SistemaWebVuelos", "SistemaWebVuelos\SistemaWebVuelos.csproj", "{BAB5E2EC-E83A-4227-A226-1E598670F89A}"
EndProject
Global
	GlobalSection(SolutionConfigurationPlatforms) = preSolution
		Debug|Any CPU = Debug|Any CPU
		Release|Any CPU = Release|Any CPU
	EndGlobalSection
	GlobalSection(ProjectConfigurationPlatforms) = postSolution
		{BAB5E2EC-E83A-4227-A226-1E598670F89A}.Debug|Any CPU.ActiveCfg = Debug|Any CPU
		{BAB5E2EC-E83A-4227-A226-1E598670F89A}.Debug|Any CPU.Build.0 = Debug|Any CPU
		{BAB5E2EC-E83A-4227-A226-1E598670F89A}.Release|Any CPU.ActiveCfg = Release|Any CPU
		{BAB5E2EC-E83A-4227-A226-1E598670F89A}.Release|Any CPU.Build.0 = Release|Any CPU
	EndGlobalSection
	GlobalSection(SolutionProperties) = preSolution
		HideSolutionNode = FALSE
	EndGlobalSection
	GlobalSection(ExtensibilityGlobals) = postSolution
		SolutionGuid = {09E4CDA4-E6F5-4395-9DFB-E213EB835716}
	EndGlobalSection
EndGlobal
